<Solution>
  <Folder Name="/docs/">
    <File Path="docs/1.SqlAuthorizationOptions.md" />
    <File Path="docs/2.SqlAuthorizationProvider.md" />
    <File Path="docs/3.Registration.md" />
  </Folder>
  <Folder Name="/src/">
    <Project Path="src/RaccoonLand.Modules.Security.Authorization.SqlServer.csproj" />
  </Folder>
  <Folder Name="/test/" />
</Solution>
