<Solution>
  <Folder Name="/docs/">
    <File Path="docs/1.RaccoonLandSerilogOptions.md" />
    <File Path="docs/2.TraceIdEnricher.md" />
    <File Path="docs/3.Registration.md" />
  </Folder>
  <Folder Name="/src/">
    <Project Path="src/RaccoonLand.Modules.Observability.Logging.Serilog.csproj" />
  </Folder>
  <Folder Name="/test/">
    <Project Path="test/RaccoonLand.Modules.Observability.Logging.Serilog.Tests.csproj" />
  </Folder>
</Solution>
