<Solution>
  <Folder Name="/docs/">
    <File Path="docs/1.AuthorizationMiddleware.md" />
    <File Path="docs/2.Registration.md" />
    <File Path="docs/3.MessageTemplates.md" />
  </Folder>
  <Folder Name="/src/">
    <Project Path="src/RaccoonLand.Modules.Security.Authorization.Middlewares.csproj" />
  </Folder>
  <Folder Name="/test/">
    <Project Path="test/RaccoonLand.Modules.Security.Authorization.Middlewares.Tests.csproj" />
  </Folder>
</Solution>
