<Solution>
  <Folder Name="/docs/">
    <File Path="docs/1.OutboxRelayBackgroundService.md" />
    <File Path="docs/2.DomainEventDispatcher.md" />
    <File Path="docs/3.Registration.md" />
  </Folder>
  <Folder Name="/src/">
    <Project Path="src/RaccoonLand.Modules.Messaging.OutboxRelay.csproj" />
  </Folder>
  <Folder Name="/test/" />
</Solution>
